
Microsoft Visual Studio Solution File, Format Version 12.00
# Visual Studio Version 17
VisualStudioVersion = 17.4.33205.214
MinimumVisualStudioVersion = 10.0.40219.1
Project("{FAE04EC0-301F-11D3-BF4B-00C04F79EFBC}") = "NodeServer", "NodeServer\NodeServer.csproj", "{D3F3A28E-17C7-47AC-BB30-F7091922422C}"
EndProject
Project("{FAE04EC0-301F-11D3-BF4B-00C04F79EFBC}") = "NodeClient", "NodeClient\NodeClient.csproj", "{43B1FE32-5AF6-4267-9CC0-F8099A4FE17E}"
EndProject
Global
	GlobalSection(SolutionConfigurationPlatforms) = preSolution
		Debug|Any CPU = Debug|Any CPU
		Release|Any CPU = Release|Any CPU
	EndGlobalSection
	GlobalSection(ProjectConfigurationPlatforms) = postSolution
		{D3F3A28E-17C7-47AC-BB30-F7091922422C}.Debug|Any CPU.ActiveCfg = Debug|Any CPU
		{D3F3A28E-17C7-47AC-BB30-F7091922422C}.Debug|Any CPU.Build.0 = Debug|Any CPU
		{D3F3A28E-17C7-47AC-BB30-F7091922422C}.Release|Any CPU.ActiveCfg = Release|Any CPU
		{D3F3A28E-17C7-47AC-BB30-F7091922422C}.Release|Any CPU.Build.0 = Release|Any CPU
		{43B1FE32-5AF6-4267-9CC0-F8099A4FE17E}.Debug|Any CPU.ActiveCfg = Debug|Any CPU
		{43B1FE32-5AF6-4267-9CC0-F8099A4FE17E}.Debug|Any CPU.Build.0 = Debug|Any CPU
		{43B1FE32-5AF6-4267-9CC0-F8099A4FE17E}.Release|Any CPU.ActiveCfg = Release|Any CPU
		{43B1FE32-5AF6-4267-9CC0-F8099A4FE17E}.Release|Any CPU.Build.0 = Release|Any CPU
	EndGlobalSection
	GlobalSection(SolutionProperties) = preSolution
		HideSolutionNode = FALSE
	EndGlobalSection
	GlobalSection(ExtensibilityGlobals) = postSolution
		SolutionGuid = {783A07E0-0392-49E4-88B2-AEEBD3C5B8CA}
	EndGlobalSection
EndGlobal
